
Microsoft Visual Studio Solution File, Format Version 12.00
# Visual Studio Version 17
VisualStudioVersion = 17.14.36518.9
MinimumVisualStudioVersion = 10.0.40219.1
Project("{8BC9CEB8-8B4A-11D0-8D11-00A0C91BC942}") = "THE-GAME", "THE-GAME\THE-GAME.vcxproj", "{6DB65FC9-C450-41FD-90B7-33E88CA16CBC}"
EndProject
Project("{8BC9CEB8-8B4A-11D0-8D11-00A0C91BC942}") = "Server", "Server\Server.vcxproj", "{960284B6-44D0-488C-85A3-DD3AD0233048}"
EndProject
Project("{8BC9CEB8-8B4A-11D0-8D11-00A0C91BC942}") = "Soothsayer", "Soothsayer\Soothsayer.vcxproj", "{6CB26B1B-B6B1-4928-920C-CE94D3B375A1}"
EndProject
Project("{8BC9CEB8-8B4A-11D0-8D11-00A0C91BC942}") = "Gambler", "Gambler\Gambler.vcxproj", "{AABA00F3-687A-43A3-BCF4-4277B1C77102}"
EndProject
Project("{8BC9CEB8-8B4A-11D0-8D11-00A0C91BC942}") = "Peasant", "Peasant\Peasant.vcxproj", "{8ABF7418-AF25-4782-8C94-A8BECFC15812}"
EndProject
Project("{8BC9CEB8-8B4A-11D0-8D11-00A0C91BC942}") = "IAbility", "IAbility\IAbility.vcxproj", "{0D18B6B4-2C83-4CC4-ADEF-51F6A0EB297E}"
EndProject
Project("{8BC9CEB8-8B4A-11D0-8D11-00A0C91BC942}") = "HarryPotter", "HarryPotter\HarryPotter.vcxproj", "{7CC77733-58A8-46B9-95FD-181F9920FE69}"
EndProject
Project("{8BC9CEB8-8B4A-11D0-8D11-00A0C91BC942}") = "TaxEvader", "TaxEvader\TaxEvader.vcxproj", "{E2743207-A335-49B2-9DD7-812A2EDC5B89}"
EndProject
Global
	GlobalSection(SolutionConfigurationPlatforms) = preSolution
		Debug|x64 = Debug|x64
		Debug|x86 = Debug|x86
		Release|x64 = Release|x64
		Release|x86 = Release|x86
	EndGlobalSection
	GlobalSection(ProjectConfigurationPlatforms) = postSolution
		{6DB65FC9-C450-41FD-90B7-33E88CA16CBC}.Debug|x64.ActiveCfg = Debug|x64
		{6DB65FC9-C450-41FD-90B7-33E88CA16CBC}.Debug|x64.Build.0 = Debug|x64
		{6DB65FC9-C450-41FD-90B7-33E88CA16CBC}.Debug|x86.ActiveCfg = Debug|Win32
		{6DB65FC9-C450-41FD-90B7-33E88CA16CBC}.Debug|x86.Build.0 = Debug|Win32
		{6DB65FC9-C450-41FD-90B7-33E88CA16CBC}.Release|x64.ActiveCfg = Release|x64
		{6DB65FC9-C450-41FD-90B7-33E88CA16CBC}.Release|x64.Build.0 = Release|x64
		{6DB65FC9-C450-41FD-90B7-33E88CA16CBC}.Release|x86.ActiveCfg = Release|Win32
		{6DB65FC9-C450-41FD-90B7-33E88CA16CBC}.Release|x86.Build.0 = Release|Win32
		{960284B6-44D0-488C-85A3-DD3AD0233048}.Debug|x64.ActiveCfg = Debug|x64
		{960284B6-44D0-488C-85A3-DD3AD0233048}.Debug|x64.Build.0 = Debug|x64
		{960284B6-44D0-488C-85A3-DD3AD0233048}.Debug|x86.ActiveCfg = Debug|Win32
		{960284B6-44D0-488C-85A3-DD3AD0233048}.Debug|x86.Build.0 = Debug|Win32
		{960284B6-44D0-488C-85A3-DD3AD0233048}.Release|x64.ActiveCfg = Release|x64
		{960284B6-44D0-488C-85A3-DD3AD0233048}.Release|x64.Build.0 = Release|x64
		{960284B6-44D0-488C-85A3-DD3AD0233048}.Release|x86.ActiveCfg = Release|Win32
		{960284B6-44D0-488C-85A3-DD3AD0233048}.Release|x86.Build.0 = Release|Win32
		{6CB26B1B-B6B1-4928-920C-CE94D3B375A1}.Debug|x64.ActiveCfg = Debug|x64
		{6CB26B1B-B6B1-4928-920C-CE94D3B375A1}.Debug|x64.Build.0 = Debug|x64
		{6CB26B1B-B6B1-4928-920C-CE94D3B375A1}.Debug|x86.ActiveCfg = Debug|Win32
		{6CB26B1B-B6B1-4928-920C-CE94D3B375A1}.Debug|x86.Build.0 = Debug|Win32
		{6CB26B1B-B6B1-4928-920C-CE94D3B375A1}.Release|x64.ActiveCfg = Release|x64
		{6CB26B1B-B6B1-4928-920C-CE94D3B375A1}.Release|x64.Build.0 = Release|x64
		{6CB26B1B-B6B1-4928-920C-CE94D3B375A1}.Release|x86.ActiveCfg = Release|Win32
		{6CB26B1B-B6B1-4928-920C-CE94D3B375A1}.Release|x86.Build.0 = Release|Win32
		{AABA00F3-687A-43A3-BCF4-4277B1C77102}.Debug|x64.ActiveCfg = Debug|x64
		{AABA00F3-687A-43A3-BCF4-4277B1C77102}.Debug|x64.Build.0 = Debug|x64
		{AABA00F3-687A-43A3-BCF4-4277B1C77102}.Debug|x86.ActiveCfg = Debug|Win32
		{AABA00F3-687A-43A3-BCF4-4277B1C77102}.Debug|x86.Build.0 = Debug|Win32
		{AABA00F3-687A-43A3-BCF4-4277B1C77102}.Release|x64.ActiveCfg = Release|x64
		{AABA00F3-687A-43A3-BCF4-4277B1C77102}.Release|x64.Build.0 = Release|x64
		{AABA00F3-687A-43A3-BCF4-4277B1C77102}.Release|x86.ActiveCfg = Release|Win32
		{AABA00F3-687A-43A3-BCF4-4277B1C77102}.Release|x86.Build.0 = Release|Win32
		{8ABF7418-AF25-4782-8C94-A8BECFC15812}.Debug|x64.ActiveCfg = Debug|x64
		{8ABF7418-AF25-4782-8C94-A8BECFC15812}.Debug|x64.Build.0 = Debug|x64
		{8ABF7418-AF25-4782-8C94-A8BECFC15812}.Debug|x86.ActiveCfg = Debug|Win32
		{8ABF7418-AF25-4782-8C94-A8BECFC15812}.Debug|x86.Build.0 = Debug|Win32
		{8ABF7418-AF25-4782-8C94-A8BECFC15812}.Release|x64.ActiveCfg = Release|x64
		{8ABF7418-AF25-4782-8C94-A8BECFC15812}.Release|x64.Build.0 = Release|x64
		{8ABF7418-AF25-4782-8C94-A8BECFC15812}.Release|x86.ActiveCfg = Release|Win32
		{8ABF7418-AF25-4782-8C94-A8BECFC15812}.Release|x86.Build.0 = Release|Win32
		{0D18B6B4-2C83-4CC4-ADEF-51F6A0EB297E}.Debug|x64.ActiveCfg = Debug|x64
		{0D18B6B4-2C83-4CC4-ADEF-51F6A0EB297E}.Debug|x64.Build.0 = Debug|x64
		{0D18B6B4-2C83-4CC4-ADEF-51F6A0EB297E}.Debug|x86.ActiveCfg = Debug|Win32
		{0D18B6B4-2C83-4CC4-ADEF-51F6A0EB297E}.Debug|x86.Build.0 = Debug|Win32
		{0D18B6B4-2C83-4CC4-ADEF-51F6A0EB297E}.Release|x64.ActiveCfg = Release|x64
		{0D18B6B4-2C83-4CC4-ADEF-51F6A0EB297E}.Release|x64.Build.0 = Release|x64
		{0D18B6B4-2C83-4CC4-ADEF-51F6A0EB297E}.Release|x86.ActiveCfg = Release|Win32
		{0D18B6B4-2C83-4CC4-ADEF-51F6A0EB297E}.Release|x86.Build.0 = Release|Win32
		{7CC77733-58A8-46B9-95FD-181F9920FE69}.Debug|x64.ActiveCfg = Debug|x64
		{7CC77733-58A8-46B9-95FD-181F9920FE69}.Debug|x64.Build.0 = Debug|x64
		{7CC77733-58A8-46B9-95FD-181F9920FE69}.Debug|x86.ActiveCfg = Debug|Win32
		{7CC77733-58A8-46B9-95FD-181F9920FE69}.Debug|x86.Build.0 = Debug|Win32
		{7CC77733-58A8-46B9-95FD-181F9920FE69}.Release|x64.ActiveCfg = Release|x64
		{7CC77733-58A8-46B9-95FD-181F9920FE69}.Release|x64.Build.0 = Release|x64
		{7CC77733-58A8-46B9-95FD-181F9920FE69}.Release|x86.ActiveCfg = Release|Win32
		{7CC77733-58A8-46B9-95FD-181F9920FE69}.Release|x86.Build.0 = Release|Win32
		{E2743207-A335-49B2-9DD7-812A2EDC5B89}.Debug|x64.ActiveCfg = Debug|x64
		{E2743207-A335-49B2-9DD7-812A2EDC5B89}.Debug|x64.Build.0 = Debug|x64
		{E2743207-A335-49B2-9DD7-812A2EDC5B89}.Debug|x86.ActiveCfg = Debug|Win32
		{E2743207-A335-49B2-9DD7-812A2EDC5B89}.Debug|x86.Build.0 = Debug|Win32
		{E2743207-A335-49B2-9DD7-812A2EDC5B89}.Release|x64.ActiveCfg = Release|x64
		{E2743207-A335-49B2-9DD7-812A2EDC5B89}.Release|x64.Build.0 = Release|x64
		{E2743207-A335-49B2-9DD7-812A2EDC5B89}.Release|x86.ActiveCfg = Release|Win32
		{E2743207-A335-49B2-9DD7-812A2EDC5B89}.Release|x86.Build.0 = Release|Win32
	EndGlobalSection
	GlobalSection(SolutionProperties) = preSolution
		HideSolutionNode = FALSE
	EndGlobalSection
	GlobalSection(ExtensibilityGlobals) = postSolution
		SolutionGuid = {48C0DEFB-70B7-41BF-9D12-90ED994C3AE2}
	EndGlobalSection
EndGlobal
