<?xml version="1.0" encoding="utf-8"?>
<Project ToolsVersion="4.0" xmlns="http://schemas.microsoft.com/developer/msbuild/2003">
  <ItemGroup>
    <Filter Include="Source Files">
      <UniqueIdentifier>{4FC737F1-C7A5-4376-A066-2A32D752A2FF}</UniqueIdentifier>
      <Extensions>cpp;c;cc;cxx;c++;cppm;ixx;def;odl;idl;hpj;bat;asm;asmx</Extensions>
    </Filter>
    <Filter Include="Header Files">
      <UniqueIdentifier>{93995380-89BD-4b04-88EB-625FBE52EBFB}</UniqueIdentifier>
      <Extensions>h;hh;hpp;hxx;h++;hm;inl;inc;ipp;xsd</Extensions>
    </Filter>
    <Filter Include="Resource Files">
      <UniqueIdentifier>{67DA6AB6-F800-4c08-8B7A-83BB121AAD01}</UniqueIdentifier>
      <Extensions>rc;ico;cur;bmp;dlg;rc2;rct;bin;rgs;gif;jpg;jpeg;jpe;resx;tiff;tif;png;wav;mfcribbon-ms</Extensions>
    </Filter>
    <Filter Include="Resource Files\Resources">
      <UniqueIdentifier>{f9e23eb0-4dbc-453b-bcd8-402a45d83132}</UniqueIdentifier>
    </Filter>
  </ItemGroup>
  <ItemGroup>
    <ClCompile Include="main.cpp">
      <Filter>Source Files</Filter>
    </ClCompile>
    <ClCompile Include="MainWindow.cpp">
      <Filter>Source Files</Filter>
    </ClCompile>
    <ClCompile Include="SettingsDialog.cpp">
      <Filter>Source Files</Filter>
    </ClCompile>
    <ClCompile Include="HelpDialog.cpp">
      <Filter>Source Files</Filter>
    </ClCompile>
    <ClCompile Include="AccountDialog.cpp">
      <Filter>Source Files</Filter>
    </ClCompile>
    <ClCompile Include="NetworkManager.cpp">
      <Filter>Source Files</Filter>
    </ClCompile>
    <ClCompile Include="LobbyDialog.cpp">
      <Filter>Source Files</Filter>
    </ClCompile>
    <ClCompile Include="CreateLobbyDialog.cpp">
      <Filter>Source Files</Filter>
    </ClCompile>
    <ClCompile Include="JoinLobbyDialog.cpp">
      <Filter>Source Files</Filter>
    </ClCompile>
  </ItemGroup>
  <ItemGroup>
    <QtMoc Include="MainWindow.h">
      <Filter>Header Files</Filter>
    </QtMoc>
    <QtMoc Include="SettingsDialog.h">
      <Filter>Header Files</Filter>
    </QtMoc>
    <QtMoc Include="HelpDialog.h">
      <Filter>Header Files</Filter>
    </QtMoc>
    <QtMoc Include="AccountDialog.h">
      <Filter>Header Files</Filter>
    </QtMoc>
    <QtMoc Include="LobbyDialog.h">
      <Filter>Header Files</Filter>
    </QtMoc>
    <QtMoc Include="CreateLobbyDialog.h">
      <Filter>Header Files</Filter>
    </QtMoc>
    <QtMoc Include="JoinLobbyDialog.h">
      <Filter>Header Files</Filter>
    </QtMoc>
  </ItemGroup>
  <ItemGroup>
    <QtUic Include="MainWindow.ui" />
  </ItemGroup>
  <ItemGroup>
    <ClInclude Include="NetworkManager.h">
      <Filter>Header Files</Filter>
    </ClInclude>
  </ItemGroup>
  <ItemGroup>
    <None Include="help.html">
      <Filter>Resource Files</Filter>
    </None>
    <None Include="help.css">
      <Filter>Resource Files</Filter>
    </None>
    <None Include="Resources\Resource_Legend">
      <Filter>Resource Files\Resources</Filter>
    </None>
  </ItemGroup>
  <ItemGroup>
    <Image Include="Resources\1.png">
      <Filter>Resource Files\Resources</Filter>
    </Image>
    <Image Include="Resources\2.png">
      <Filter>Resource Files\Resources</Filter>
    </Image>
    <Image Include="Resources\3.png">
      <Filter>Resource Files\Resources</Filter>
    </Image>
    <Image Include="Resources\4.png">
      <Filter>Resource Files\Resources</Filter>
    </Image>
    <Image Include="Resources\5.png">
      <Filter>Resource Files\Resources</Filter>
    </Image>
    <Image Include="Resources\6.png">
      <Filter>Resource Files\Resources</Filter>
    </Image>
    <Image Include="Resources\7.png">
      <Filter>Resource Files\Resources</Filter>
    </Image>
    <Image Include="Resources\8.png">
      <Filter>Resource Files\Resources</Filter>
    </Image>
    <Image Include="Resources\9.png">
      <Filter>Resource Files\Resources</Filter>
    </Image>
    <Image Include="Resources\10.png">
      <Filter>Resource Files\Resources</Filter>
    </Image>
    <Image Include="Resources\11.png">
      <Filter>Resource Files\Resources</Filter>
    </Image>
    <Image Include="Resources\12.png">
      <Filter>Resource Files\Resources</Filter>
    </Image>
    <Image Include="Resources\13.png">
      <Filter>Resource Files\Resources</Filter>
    </Image>
    <Image Include="Resources\14.png">
      <Filter>Resource Files\Resources</Filter>
    </Image>
    <Image Include="Resources\15.png">
      <Filter>Resource Files\Resources</Filter>
    </Image>
    <Image Include="Resources\16.png">
      <Filter>Resource Files\Resources</Filter>
    </Image>
    <Image Include="Resources\17.png">
      <Filter>Resource Files\Resources</Filter>
    </Image>
    <Image Include="Resources\18.png">
      <Filter>Resource Files\Resources</Filter>
    </Image>
    <Image Include="Resources\19.png">
      <Filter>Resource Files\Resources</Filter>
    </Image>
    <Image Include="Resources\20.png">
      <Filter>Resource Files\Resources</Filter>
    </Image>
    <Image Include="Resources\21.png">
      <Filter>Resource Files\Resources</Filter>
    </Image>
    <Image Include="Resources\22.png">
      <Filter>Resource Files\Resources</Filter>
    </Image>
    <Image Include="Resources\23.png">
      <Filter>Resource Files\Resources</Filter>
    </Image>
    <Image Include="Resources\24.png">
      <Filter>Resource Files\Resources</Filter>
    </Image>
    <Image Include="Resources\25.png">
      <Filter>Resource Files\Resources</Filter>
    </Image>
    <Image Include="Resources\26.png">
      <Filter>Resource Files\Resources</Filter>
    </Image>
    <Image Include="Resources\27.png">
      <Filter>Resource Files\Resources</Filter>
    </Image>
    <Image Include="Resources\28.png">
      <Filter>Resource Files\Resources</Filter>
    </Image>
    <Image Include="Resources\29.png">
      <Filter>Resource Files\Resources</Filter>
    </Image>
    <Image Include="Resources\30.png">
      <Filter>Resource Files\Resources</Filter>
    </Image>
    <Image Include="Resources\31.png">
      <Filter>Resource Files\Resources</Filter>
    </Image>
    <Image Include="Resources\32.png">
      <Filter>Resource Files\Resources</Filter>
    </Image>
    <Image Include="Resources\33.png">
      <Filter>Resource Files\Resources</Filter>
    </Image>
    <Image Include="Resources\34.png">
      <Filter>Resource Files\Resources</Filter>
    </Image>
    <Image Include="Resources\35.png">
      <Filter>Resource Files\Resources</Filter>
    </Image>
    <Image Include="Resources\36.png">
      <Filter>Resource Files\Resources</Filter>
    </Image>
    <Image Include="Resources\37.png">
      <Filter>Resource Files\Resources</Filter>
    </Image>
    <Image Include="Resources\38.png">
      <Filter>Resource Files\Resources</Filter>
    </Image>
    <Image Include="Resources\39.png">
      <Filter>Resource Files\Resources</Filter>
    </Image>
    <Image Include="Resources\40.png">
      <Filter>Resource Files\Resources</Filter>
    </Image>
    <Image Include="Resources\41.png">
      <Filter>Resource Files\Resources</Filter>
    </Image>
    <Image Include="Resources\42.png">
      <Filter>Resource Files\Resources</Filter>
    </Image>
    <Image Include="Resources\43.png">
      <Filter>Resource Files\Resources</Filter>
    </Image>
    <Image Include="Resources\44.png">
      <Filter>Resource Files\Resources</Filter>
    </Image>
    <Image Include="Resources\45.png">
      <Filter>Resource Files\Resources</Filter>
    </Image>
    <Image Include="Resources\46.png">
      <Filter>Resource Files\Resources</Filter>
    </Image>
    <Image Include="Resources\47.png">
      <Filter>Resource Files\Resources</Filter>
    </Image>
    <Image Include="Resources\48.png">
      <Filter>Resource Files\Resources</Filter>
    </Image>
    <Image Include="Resources\49.png">
      <Filter>Resource Files\Resources</Filter>
    </Image>
    <Image Include="Resources\50.png">
      <Filter>Resource Files\Resources</Filter>
    </Image>
    <Image Include="Resources\51.png">
      <Filter>Resource Files\Resources</Filter>
    </Image>
    <Image Include="Resources\52.png">
      <Filter>Resource Files\Resources</Filter>
    </Image>
    <Image Include="Resources\53.png">
      <Filter>Resource Files\Resources</Filter>
    </Image>
    <Image Include="Resources\54.png">
      <Filter>Resource Files\Resources</Filter>
    </Image>
    <Image Include="Resources\55.png">
      <Filter>Resource Files\Resources</Filter>
    </Image>
    <Image Include="Resources\56.png">
      <Filter>Resource Files\Resources</Filter>
    </Image>
    <Image Include="Resources\57.png">
      <Filter>Resource Files\Resources</Filter>
    </Image>
    <Image Include="Resources\58.png">
      <Filter>Resource Files\Resources</Filter>
    </Image>
    <Image Include="Resources\59.png">
      <Filter>Resource Files\Resources</Filter>
    </Image>
    <Image Include="Resources\60.png">
      <Filter>Resource Files\Resources</Filter>
    </Image>
    <Image Include="Resources\61.png">
      <Filter>Resource Files\Resources</Filter>
    </Image>
    <Image Include="Resources\62.png">
      <Filter>Resource Files\Resources</Filter>
    </Image>
    <Image Include="Resources\63.png">
      <Filter>Resource Files\Resources</Filter>
    </Image>
    <Image Include="Resources\64.png">
      <Filter>Resource Files\Resources</Filter>
    </Image>
    <Image Include="Resources\65.png">
      <Filter>Resource Files\Resources</Filter>
    </Image>
    <Image Include="Resources\66.png">
      <Filter>Resource Files\Resources</Filter>
    </Image>
    <Image Include="Resources\67.png">
      <Filter>Resource Files\Resources</Filter>
    </Image>
    <Image Include="Resources\68.png">
      <Filter>Resource Files\Resources</Filter>
    </Image>
    <Image Include="Resources\69.png">
      <Filter>Resource Files\Resources</Filter>
    </Image>
    <Image Include="Resources\70.png">
      <Filter>Resource Files\Resources</Filter>
    </Image>
    <Image Include="Resources\71.png">
      <Filter>Resource Files\Resources</Filter>
    </Image>
    <Image Include="Resources\72.png">
      <Filter>Resource Files\Resources</Filter>
    </Image>
    <Image Include="Resources\73.png">
      <Filter>Resource Files\Resources</Filter>
    </Image>
    <Image Include="Resources\74.png">
      <Filter>Resource Files\Resources</Filter>
    </Image>
    <Image Include="Resources\75.png">
      <Filter>Resource Files\Resources</Filter>
    </Image>
    <Image Include="Resources\76.png">
      <Filter>Resource Files\Resources</Filter>
    </Image>
    <Image Include="Resources\77.png">
      <Filter>Resource Files\Resources</Filter>
    </Image>
    <Image Include="Resources\78.png">
      <Filter>Resource Files\Resources</Filter>
    </Image>
    <Image Include="Resources\79.png">
      <Filter>Resource Files\Resources</Filter>
    </Image>
    <Image Include="Resources\80.png">
      <Filter>Resource Files\Resources</Filter>
    </Image>
    <Image Include="Resources\81.png">
      <Filter>Resource Files\Resources</Filter>
    </Image>
    <Image Include="Resources\82.png">
      <Filter>Resource Files\Resources</Filter>
    </Image>
    <Image Include="Resources\83.png">
      <Filter>Resource Files\Resources</Filter>
    </Image>
    <Image Include="Resources\84.png">
      <Filter>Resource Files\Resources</Filter>
    </Image>
    <Image Include="Resources\85.png">
      <Filter>Resource Files\Resources</Filter>
    </Image>
    <Image Include="Resources\86.png">
      <Filter>Resource Files\Resources</Filter>
    </Image>
    <Image Include="Resources\87.png">
      <Filter>Resource Files\Resources</Filter>
    </Image>
    <Image Include="Resources\88.png">
      <Filter>Resource Files\Resources</Filter>
    </Image>
    <Image Include="Resources\89.png">
      <Filter>Resource Files\Resources</Filter>
    </Image>
    <Image Include="Resources\90.png">
      <Filter>Resource Files\Resources</Filter>
    </Image>
    <Image Include="Resources\91.png">
      <Filter>Resource Files\Resources</Filter>
    </Image>
    <Image Include="Resources\92.png">
      <Filter>Resource Files\Resources</Filter>
    </Image>
    <Image Include="Resources\93.png">
      <Filter>Resource Files\Resources</Filter>
    </Image>
    <Image Include="Resources\94.png">
      <Filter>Resource Files\Resources</Filter>
    </Image>
    <Image Include="Resources\95.png">
      <Filter>Resource Files\Resources</Filter>
    </Image>
    <Image Include="Resources\96.png">
      <Filter>Resource Files\Resources</Filter>
    </Image>
    <Image Include="Resources\97.png">
      <Filter>Resource Files\Resources</Filter>
    </Image>
    <Image Include="Resources\98.png">
      <Filter>Resource Files\Resources</Filter>
    </Image>
    <Image Include="Resources\99.png">
      <Filter>Resource Files\Resources</Filter>
    </Image>
    <Image Include="Resources\100.png">
      <Filter>Resource Files\Resources</Filter>
    </Image>
    <Image Include="Resources\Button_Account.png">
      <Filter>Resource Files\Resources</Filter>
    </Image>
    <Image Include="Resources\Button_Account_Pressed.png">
      <Filter>Resource Files\Resources</Filter>
    </Image>
    <Image Include="Resources\Button_Chat.png">
      <Filter>Resource Files\Resources</Filter>
    </Image>
    <Image Include="Resources\Button_Chat_Pressed.png">
      <Filter>Resource Files\Resources</Filter>
    </Image>
    <Image Include="Resources\Button_Exit.png">
      <Filter>Resource Files\Resources</Filter>
    </Image>
    <Image Include="Resources\Button_Exit_Pressed.png">
      <Filter>Resource Files\Resources</Filter>
    </Image>
    <Image Include="Resources\Button_Help.png">
      <Filter>Resource Files\Resources</Filter>
    </Image>
    <Image Include="Resources\Button_Help_Pressed.png">
      <Filter>Resource Files\Resources</Filter>
    </Image>
    <Image Include="Resources\Button_Play.png">
      <Filter>Resource Files\Resources</Filter>
    </Image>
    <Image Include="Resources\Button_Play_Pressed.png">
      <Filter>Resource Files\Resources</Filter>
    </Image>
    <Image Include="Resources\Card_Back.png">
      <Filter>Resource Files\Resources</Filter>
    </Image>
    <Image Include="Resources\TitleCard.png">
      <Filter>Resource Files\Resources</Filter>
    </Image>
    <Image Include="Resources\Button_Settings.png">
      <Filter>Resource Files\Resources</Filter>
    </Image>
    <Image Include="Resources\Button_Settings_Pressed.png">
      <Filter>Resource Files\Resources</Filter>
    </Image>
    <Image Include="Resources\TextBox_1-2.png">
      <Filter>Resource Files\Resources</Filter>
    </Image>
    <Image Include="Resources\TextBox_1-2_Small.png">
      <Filter>Resource Files\Resources</Filter>
    </Image>
    <Image Include="Resources\TextBox_2-1.png">
      <Filter>Resource Files\Resources</Filter>
    </Image>
    <Image Include="Resources\TextBox_2-1_Small.png">
      <Filter>Resource Files\Resources</Filter>
    </Image>
  </ItemGroup>
</Project>